
Microsoft Visual Studio Solution File, Format Version 12.00
# Visual Studio Version 17
VisualStudioVersion = 17.1.32421.90
MinimumVisualStudioVersion = 10.0.40219.1
Project("{FAE04EC0-301F-11D3-BF4B-00C04F79EFBC}") = "Deliverable1", "Deliverable1.csproj", "{D8DB70E9-03BE-47CD-9158-98F122D50262}"
EndProject
Global
	GlobalSection(SolutionConfigurationPlatforms) = preSolution
		Debug|Any CPU = Debug|Any CPU
		Release|Any CPU = Release|Any CPU
	EndGlobalSection
	GlobalSection(ProjectConfigurationPlatforms) = postSolution
		{D8DB70E9-03BE-47CD-9158-98F122D50262}.Debug|Any CPU.ActiveCfg = Debug|Any CPU
		{D8DB70E9-03BE-47CD-9158-98F122D50262}.Debug|Any CPU.Build.0 = Debug|Any CPU
		{D8DB70E9-03BE-47CD-9158-98F122D50262}.Release|Any CPU.ActiveCfg = Release|Any CPU
		{D8DB70E9-03BE-47CD-9158-98F122D50262}.Release|Any CPU.Build.0 = Release|Any CPU
	EndGlobalSection
	GlobalSection(SolutionProperties) = preSolution
		HideSolutionNode = FALSE
	EndGlobalSection
	GlobalSection(ExtensibilityGlobals) = postSolution
		SolutionGuid = {8D485B26-5F70-4D38-B1CA-61CA74482F73}
	EndGlobalSection
EndGlobal
